
Microsoft Visual Studio Solution File, Format Version 11.00
# Visual Studio 2010
Project("{8BC9CEB8-8B4A-11D0-8D11-00A0C91BC942}") = "GameServer", "GameServer.vcxproj", "{E567FB89-6E06-3144-B234-47BF5F91111B}"
EndProject
Global
	GlobalSection(SolutionConfigurationPlatforms) = preSolution
		CHS|Win32 = CHS|Win32
		CHSCS|Win32 = CHSCS|Win32
		ENG|Win32 = ENG|Win32
		ENGCS|Win32 = ENGCS|Win32
		JPN|Win32 = JPN|Win32
		JPNCS|Win32 = JPNCS|Win32
		KOR|Win32 = KOR|Win32
		KORCS|Win32 = KORCS|Win32
		PHI|Win32 = PHI|Win32
		PHICS|Win32 = PHICS|Win32
		TAI|Win32 = TAI|Win32
		TAICS|Win32 = TAICS|Win32
		VTM|Win32 = VTM|Win32
		VTMCS|Win32 = VTMCS|Win32
	EndGlobalSection
	GlobalSection(ProjectConfigurationPlatforms) = postSolution
		{E567FB89-6E06-3144-B234-47BF5F91111B}.CHS|Win32.ActiveCfg = CHS|Win32
		{E567FB89-6E06-3144-B234-47BF5F91111B}.CHS|Win32.Build.0 = CHS|Win32
		{E567FB89-6E06-3144-B234-47BF5F91111B}.CHSCS|Win32.ActiveCfg = CHSCS|Win32
		{E567FB89-6E06-3144-B234-47BF5F91111B}.CHSCS|Win32.Build.0 = CHSCS|Win32
		{E567FB89-6E06-3144-B234-47BF5F91111B}.ENG|Win32.ActiveCfg = ENG|Win32
		{E567FB89-6E06-3144-B234-47BF5F91111B}.ENG|Win32.Build.0 = ENG|Win32
		{E567FB89-6E06-3144-B234-47BF5F91111B}.ENGCS|Win32.ActiveCfg = ENGCS|Win32
		{E567FB89-6E06-3144-B234-47BF5F91111B}.ENGCS|Win32.Build.0 = ENGCS|Win32
		{E567FB89-6E06-3144-B234-47BF5F91111B}.JPN|Win32.ActiveCfg = JPN|Win32
		{E567FB89-6E06-3144-B234-47BF5F91111B}.JPN|Win32.Build.0 = JPN|Win32
		{E567FB89-6E06-3144-B234-47BF5F91111B}.JPNCS|Win32.ActiveCfg = JPNCS|Win32
		{E567FB89-6E06-3144-B234-47BF5F91111B}.JPNCS|Win32.Build.0 = JPNCS|Win32
		{E567FB89-6E06-3144-B234-47BF5F91111B}.KOR|Win32.ActiveCfg = KOR|Win32
		{E567FB89-6E06-3144-B234-47BF5F91111B}.KOR|Win32.Build.0 = KOR|Win32
		{E567FB89-6E06-3144-B234-47BF5F91111B}.KORCS|Win32.ActiveCfg = KORCS|Win32
		{E567FB89-6E06-3144-B234-47BF5F91111B}.KORCS|Win32.Build.0 = KORCS|Win32
		{E567FB89-6E06-3144-B234-47BF5F91111B}.PHI|Win32.ActiveCfg = PHI|Win32
		{E567FB89-6E06-3144-B234-47BF5F91111B}.PHI|Win32.Build.0 = PHI|Win32
		{E567FB89-6E06-3144-B234-47BF5F91111B}.PHICS|Win32.ActiveCfg = PHICS|Win32
		{E567FB89-6E06-3144-B234-47BF5F91111B}.PHICS|Win32.Build.0 = PHICS|Win32
		{E567FB89-6E06-3144-B234-47BF5F91111B}.TAI|Win32.ActiveCfg = TAI|Win32
		{E567FB89-6E06-3144-B234-47BF5F91111B}.TAI|Win32.Build.0 = TAI|Win32
		{E567FB89-6E06-3144-B234-47BF5F91111B}.TAICS|Win32.ActiveCfg = TAICS|Win32
		{E567FB89-6E06-3144-B234-47BF5F91111B}.TAICS|Win32.Build.0 = TAICS|Win32
		{E567FB89-6E06-3144-B234-47BF5F91111B}.VTM|Win32.ActiveCfg = VTM|Win32
		{E567FB89-6E06-3144-B234-47BF5F91111B}.VTM|Win32.Build.0 = VTM|Win32
		{E567FB89-6E06-3144-B234-47BF5F91111B}.VTMCS|Win32.ActiveCfg = VTMCS|Win32
		{E567FB89-6E06-3144-B234-47BF5F91111B}.VTMCS|Win32.Build.0 = VTMCS|Win32
	EndGlobalSection
	GlobalSection(SolutionProperties) = preSolution
		HideSolutionNode = FALSE
	EndGlobalSection
EndGlobal
